{
  "name": "pixi",
  "version": "0.0.0",
  "lockfileVersion": 1,
  "requires": true,
  "dependencies": {
    "@esbuild/aix-ppc64": {
      "version": "0.21.5",
      "resolved": "https://registry.npmmirror.com/@esbuild/aix-ppc64/-/aix-ppc64-0.21.5.tgz",
      "integrity": "sha512-1SDgH6ZSPTlggy1yI6+Dbkiz8xzpHJEVAlF/AM1tHPLsf5STom9rwtjE4hKAF20FfXXNTFqEYXyJNWh1GiZedQ==",
      "dev": true,
      "optional": true
    },
    "@esbuild/android-arm": {
      "version": "0.21.5",
      "resolved": "https://registry.npmmirror.com/@esbuild/android-arm/-/android-arm-0.21.5.tgz",
      "integrity": "sha512-vCPvzSjpPHEi1siZdlvAlsPxXl7WbOVUBBAowWug4rJHb68Ox8KualB+1ocNvT5fjv6wpkX6o/iEpbDrf68zcg==",
      "dev": true,
      "optional": true
    },
    "@esbuild/android-arm64": {
      "version": "0.21.5",
      "resolved": "https://registry.npmmirror.com/@esbuild/android-arm64/-/android-arm64-0.21.5.tgz",
      "integrity": "sha512-c0uX9VAUBQ7dTDCjq+wdyGLowMdtR/GoC2U5IYk/7D1H1JYC0qseD7+11iMP2mRLN9RcCMRcjC4YMclCzGwS/A==",
      "dev": true,
      "optional": true
    },
    "@esbuild/android-x64": {
      "version": "0.21.5",
      "resolved": "https://registry.npmmirror.com/@esbuild/android-x64/-/android-x64-0.21.5.tgz",
      "integrity": "sha512-D7aPRUUNHRBwHxzxRvp856rjUHRFW1SdQATKXH2hqA0kAZb1hKmi02OpYRacl0TxIGz/ZmXWlbZgjwWYaCakTA==",
      "dev": true,
      "optional": true
    },
    "@esbuild/darwin-arm64": {
      "version": "0.21.5",
      "resolved": "https://registry.npmmirror.com/@esbuild/darwin-arm64/-/darwin-arm64-0.21.5.tgz",
      "integrity": "sha512-DwqXqZyuk5AiWWf3UfLiRDJ5EDd49zg6O9wclZ7kUMv2WRFr4HKjXp/5t8JZ11QbQfUS6/cRCKGwYhtNAY88kQ==",
      "dev": true,
      "optional": true
    },
    "@esbuild/darwin-x64": {
      "version": "0.21.5",
      "resolved": "https://registry.npmmirror.com/@esbuild/darwin-x64/-/darwin-x64-0.21.5.tgz",
      "integrity": "sha512-se/JjF8NlmKVG4kNIuyWMV/22ZaerB+qaSi5MdrXtd6R08kvs2qCN4C09miupktDitvh8jRFflwGFBQcxZRjbw==",
      "dev": true,
      "optional": true
    },
    "@esbuild/freebsd-arm64": {
      "version": "0.21.5",
      "resolved": "https://registry.npmmirror.com/@esbuild/freebsd-arm64/-/freebsd-arm64-0.21.5.tgz",
      "integrity": "sha512-5JcRxxRDUJLX8JXp/wcBCy3pENnCgBR9bN6JsY4OmhfUtIHe3ZW0mawA7+RDAcMLrMIZaf03NlQiX9DGyB8h4g==",
      "dev": true,
      "optional": true
    },
    "@esbuild/freebsd-x64": {
      "version": "0.21.5",
      "resolved": "https://registry.npmmirror.com/@esbuild/freebsd-x64/-/freebsd-x64-0.21.5.tgz",
      "integrity": "sha512-J95kNBj1zkbMXtHVH29bBriQygMXqoVQOQYA+ISs0/2l3T9/kj42ow2mpqerRBxDJnmkUDCaQT/dfNXWX/ZZCQ==",
      "dev": true,
      "optional": true
    },
    "@esbuild/linux-arm": {
      "version": "0.21.5",
      "resolved": "https://registry.npmmirror.com/@esbuild/linux-arm/-/linux-arm-0.21.5.tgz",
      "integrity": "sha512-bPb5AHZtbeNGjCKVZ9UGqGwo8EUu4cLq68E95A53KlxAPRmUyYv2D6F0uUI65XisGOL1hBP5mTronbgo+0bFcA==",
      "dev": true,
      "optional": true
    },
    "@esbuild/linux-arm64": {
      "version": "0.21.5",
      "resolved": "https://registry.npmmirror.com/@esbuild/linux-arm64/-/linux-arm64-0.21.5.tgz",
      "integrity": "sha512-ibKvmyYzKsBeX8d8I7MH/TMfWDXBF3db4qM6sy+7re0YXya+K1cem3on9XgdT2EQGMu4hQyZhan7TeQ8XkGp4Q==",
      "dev": true,
      "optional": true
    },
    "@esbuild/linux-ia32": {
      "version": "0.21.5",
      "resolved": "https://registry.npmmirror.com/@esbuild/linux-ia32/-/linux-ia32-0.21.5.tgz",
      "integrity": "sha512-YvjXDqLRqPDl2dvRODYmmhz4rPeVKYvppfGYKSNGdyZkA01046pLWyRKKI3ax8fbJoK5QbxblURkwK/MWY18Tg==",
      "dev": true,
      "optional": true
    },
    "@esbuild/linux-loong64": {
      "version": "0.21.5",
      "resolved": "https://registry.npmmirror.com/@esbuild/linux-loong64/-/linux-loong64-0.21.5.tgz",
      "integrity": "sha512-uHf1BmMG8qEvzdrzAqg2SIG/02+4/DHB6a9Kbya0XDvwDEKCoC8ZRWI5JJvNdUjtciBGFQ5PuBlpEOXQj+JQSg==",
      "dev": true,
      "optional": true
    },
    "@esbuild/linux-mips64el": {
      "version": "0.21.5",
      "resolved": "https://registry.npmmirror.com/@esbuild/linux-mips64el/-/linux-mips64el-0.21.5.tgz",
      "integrity": "sha512-IajOmO+KJK23bj52dFSNCMsz1QP1DqM6cwLUv3W1QwyxkyIWecfafnI555fvSGqEKwjMXVLokcV5ygHW5b3Jbg==",
      "dev": true,
      "optional": true
    },
    "@esbuild/linux-ppc64": {
      "version": "0.21.5",
      "resolved": "https://registry.npmmirror.com/@esbuild/linux-ppc64/-/linux-ppc64-0.21.5.tgz",
      "integrity": "sha512-1hHV/Z4OEfMwpLO8rp7CvlhBDnjsC3CttJXIhBi+5Aj5r+MBvy4egg7wCbe//hSsT+RvDAG7s81tAvpL2XAE4w==",
      "dev": true,
      "optional": true
    },
    "@esbuild/linux-riscv64": {
      "version": "0.21.5",
      "resolved": "https://registry.npmmirror.com/@esbuild/linux-riscv64/-/linux-riscv64-0.21.5.tgz",
      "integrity": "sha512-2HdXDMd9GMgTGrPWnJzP2ALSokE/0O5HhTUvWIbD3YdjME8JwvSCnNGBnTThKGEB91OZhzrJ4qIIxk/SBmyDDA==",
      "dev": true,
      "optional": true
    },
    "@esbuild/linux-s390x": {
      "version": "0.21.5",
      "resolved": "https://registry.npmmirror.com/@esbuild/linux-s390x/-/linux-s390x-0.21.5.tgz",
      "integrity": "sha512-zus5sxzqBJD3eXxwvjN1yQkRepANgxE9lgOW2qLnmr8ikMTphkjgXu1HR01K4FJg8h1kEEDAqDcZQtbrRnB41A==",
      "dev": true,
      "optional": true
    },
    "@esbuild/linux-x64": {
      "version": "0.21.5",
      "resolved": "https://registry.npmmirror.com/@esbuild/linux-x64/-/linux-x64-0.21.5.tgz",
      "integrity": "sha512-1rYdTpyv03iycF1+BhzrzQJCdOuAOtaqHTWJZCWvijKD2N5Xu0TtVC8/+1faWqcP9iBCWOmjmhoH94dH82BxPQ==",
      "dev": true,
      "optional": true
    },
    "@esbuild/netbsd-x64": {
      "version": "0.21.5",
      "resolved": "https://registry.npmmirror.com/@esbuild/netbsd-x64/-/netbsd-x64-0.21.5.tgz",
      "integrity": "sha512-Woi2MXzXjMULccIwMnLciyZH4nCIMpWQAs049KEeMvOcNADVxo0UBIQPfSmxB3CWKedngg7sWZdLvLczpe0tLg==",
      "dev": true,
      "optional": true
    },
    "@esbuild/openbsd-x64": {
      "version": "0.21.5",
      "resolved": "https://registry.npmmirror.com/@esbuild/openbsd-x64/-/openbsd-x64-0.21.5.tgz",
      "integrity": "sha512-HLNNw99xsvx12lFBUwoT8EVCsSvRNDVxNpjZ7bPn947b8gJPzeHWyNVhFsaerc0n3TsbOINvRP2byTZ5LKezow==",
      "dev": true,
      "optional": true
    },
    "@esbuild/sunos-x64": {
      "version": "0.21.5",
      "resolved": "https://registry.npmmirror.com/@esbuild/sunos-x64/-/sunos-x64-0.21.5.tgz",
      "integrity": "sha512-6+gjmFpfy0BHU5Tpptkuh8+uw3mnrvgs+dSPQXQOv3ekbordwnzTVEb4qnIvQcYXq6gzkyTnoZ9dZG+D4garKg==",
      "dev": true,
      "optional": true
    },
    "@esbuild/win32-arm64": {
      "version": "0.21.5",
      "resolved": "https://registry.npmmirror.com/@esbuild/win32-arm64/-/win32-arm64-0.21.5.tgz",
      "integrity": "sha512-Z0gOTd75VvXqyq7nsl93zwahcTROgqvuAcYDUr+vOv8uHhNSKROyU961kgtCD1e95IqPKSQKH7tBTslnS3tA8A==",
      "dev": true,
      "optional": true
    },
    "@esbuild/win32-ia32": {
      "version": "0.21.5",
      "resolved": "https://registry.npmmirror.com/@esbuild/win32-ia32/-/win32-ia32-0.21.5.tgz",
      "integrity": "sha512-SWXFF1CL2RVNMaVs+BBClwtfZSvDgtL//G/smwAc5oVK/UPu2Gu9tIaRgFmYFFKrmg3SyAjSrElf0TiJ1v8fYA==",
      "dev": true,
      "optional": true
    },
    "@esbuild/win32-x64": {
      "version": "0.21.5",
      "resolved": "https://registry.npmmirror.com/@esbuild/win32-x64/-/win32-x64-0.21.5.tgz",
      "integrity": "sha512-tQd/1efJuzPC6rCFwEvLtci/xNFcTZknmXs98FYDfGE4wP9ClFV98nyKrzJKVPMhdDnjzLhdUyMX4PsQAPjwIw==",
      "dev": true,
      "optional": true
    },
    "@pixi/colord": {
      "version": "2.9.6",
      "resolved": "https://registry.npmmirror.com/@pixi/colord/-/colord-2.9.6.tgz",
      "integrity": "sha512-nezytU2pw587fQstUu1AsJZDVEynjskwOL+kibwcdxsMBFqPsFFNA7xl0ii/gXuDi6M0xj3mfRJj8pBSc2jCfA=="
    },
    "@rollup/rollup-android-arm-eabi": {
      "version": "4.22.5",
      "resolved": "https://registry.npmmirror.com/@rollup/rollup-android-arm-eabi/-/rollup-android-arm-eabi-4.22.5.tgz",
      "integrity": "sha512-SU5cvamg0Eyu/F+kLeMXS7GoahL+OoizlclVFX3l5Ql6yNlywJJ0OuqTzUx0v+aHhPHEB/56CT06GQrRrGNYww==",
      "dev": true,
      "optional": true
    },
    "@rollup/rollup-android-arm64": {
      "version": "4.22.5",
      "resolved": "https://registry.npmmirror.com/@rollup/rollup-android-arm64/-/rollup-android-arm64-4.22.5.tgz",
      "integrity": "sha512-S4pit5BP6E5R5C8S6tgU/drvgjtYW76FBuG6+ibG3tMvlD1h9LHVF9KmlmaUBQ8Obou7hEyS+0w+IR/VtxwNMQ==",
      "dev": true,
      "optional": true
    },
    "@rollup/rollup-darwin-arm64": {
      "version": "4.22.5",
      "resolved": "https://registry.npmmirror.com/@rollup/rollup-darwin-arm64/-/rollup-darwin-arm64-4.22.5.tgz",
      "integrity": "sha512-250ZGg4ipTL0TGvLlfACkIxS9+KLtIbn7BCZjsZj88zSg2Lvu3Xdw6dhAhfe/FjjXPVNCtcSp+WZjVsD3a/Zlw==",
      "dev": true,
      "optional": true
    },
    "@rollup/rollup-darwin-x64": {
      "version": "4.22.5",
      "resolved": "https://registry.npmmirror.com/@rollup/rollup-darwin-x64/-/rollup-darwin-x64-4.22.5.tgz",
      "integrity": "sha512-D8brJEFg5D+QxFcW6jYANu+Rr9SlKtTenmsX5hOSzNYVrK5oLAEMTUgKWYJP+wdKyCdeSwnapLsn+OVRFycuQg==",
      "dev": true,
      "optional": true
    },
    "@rollup/rollup-linux-arm-gnueabihf": {
      "version": "4.22.5",
      "resolved": "https://registry.npmmirror.com/@rollup/rollup-linux-arm-gnueabihf/-/rollup-linux-arm-gnueabihf-4.22.5.tgz",
      "integrity": "sha512-PNqXYmdNFyWNg0ma5LdY8wP+eQfdvyaBAojAXgO7/gs0Q/6TQJVXAXe8gwW9URjbS0YAammur0fynYGiWsKlXw==",
      "dev": true,
      "optional": true
    },
    "@rollup/rollup-linux-arm-musleabihf": {
      "version": "4.22.5",
      "resolved": "https://registry.npmmirror.com/@rollup/rollup-linux-arm-musleabihf/-/rollup-linux-arm-musleabihf-4.22.5.tgz",
      "integrity": "sha512-kSSCZOKz3HqlrEuwKd9TYv7vxPYD77vHSUvM2y0YaTGnFc8AdI5TTQRrM1yIp3tXCKrSL9A7JLoILjtad5t8pQ==",
      "dev": true,
      "optional": true
    },
    "@rollup/rollup-linux-arm64-gnu": {
      "version": "4.22.5",
      "resolved": "https://registry.npmmirror.com/@rollup/rollup-linux-arm64-gnu/-/rollup-linux-arm64-gnu-4.22.5.tgz",
      "integrity": "sha512-oTXQeJHRbOnwRnRffb6bmqmUugz0glXaPyspp4gbQOPVApdpRrY/j7KP3lr7M8kTfQTyrBUzFjj5EuHAhqH4/w==",
      "dev": true,
      "optional": true
    },
    "@rollup/rollup-linux-arm64-musl": {
      "version": "4.22.5",
      "resolved": "https://registry.npmmirror.com/@rollup/rollup-linux-arm64-musl/-/rollup-linux-arm64-musl-4.22.5.tgz",
      "integrity": "sha512-qnOTIIs6tIGFKCHdhYitgC2XQ2X25InIbZFor5wh+mALH84qnFHvc+vmWUpyX97B0hNvwNUL4B+MB8vJvH65Fw==",
      "dev": true,
      "optional": true
    },
    "@rollup/rollup-linux-powerpc64le-gnu": {
      "version": "4.22.5",
      "resolved": "https://registry.npmmirror.com/@rollup/rollup-linux-powerpc64le-gnu/-/rollup-linux-powerpc64le-gnu-4.22.5.tgz",
      "integrity": "sha512-TMYu+DUdNlgBXING13rHSfUc3Ky5nLPbWs4bFnT+R6Vu3OvXkTkixvvBKk8uO4MT5Ab6lC3U7x8S8El2q5o56w==",
      "dev": true,
      "optional": true
    },
    "@rollup/rollup-linux-riscv64-gnu": {
      "version": "4.22.5",
      "resolved": "https://registry.npmmirror.com/@rollup/rollup-linux-riscv64-gnu/-/rollup-linux-riscv64-gnu-4.22.5.tgz",
      "integrity": "sha512-PTQq1Kz22ZRvuhr3uURH+U/Q/a0pbxJoICGSprNLAoBEkyD3Sh9qP5I0Asn0y0wejXQBbsVMRZRxlbGFD9OK4A==",
      "dev": true,
      "optional": true
    },
    "@rollup/rollup-linux-s390x-gnu": {
      "version": "4.22.5",
      "resolved": "https://registry.npmmirror.com/@rollup/rollup-linux-s390x-gnu/-/rollup-linux-s390x-gnu-4.22.5.tgz",
      "integrity": "sha512-bR5nCojtpuMss6TDEmf/jnBnzlo+6n1UhgwqUvRoe4VIotC7FG1IKkyJbwsT7JDsF2jxR+NTnuOwiGv0hLyDoQ==",
      "dev": true,
      "optional": true
    },
    "@rollup/rollup-linux-x64-gnu": {
      "version": "4.22.5",
      "resolved": "https://registry.npmmirror.com/@rollup/rollup-linux-x64-gnu/-/rollup-linux-x64-gnu-4.22.5.tgz",
      "integrity": "sha512-N0jPPhHjGShcB9/XXZQWuWBKZQnC1F36Ce3sDqWpujsGjDz/CQtOL9LgTrJ+rJC8MJeesMWrMWVLKKNR/tMOCA==",
      "dev": true,
      "optional": true
    },
    "@rollup/rollup-linux-x64-musl": {
      "version": "4.22.5",
      "resolved": "https://registry.npmmirror.com/@rollup/rollup-linux-x64-musl/-/rollup-linux-x64-musl-4.22.5.tgz",
      "integrity": "sha512-uBa2e28ohzNNwjr6Uxm4XyaA1M/8aTgfF2T7UIlElLaeXkgpmIJ2EitVNQxjO9xLLLy60YqAgKn/AqSpCUkE9g==",
      "dev": true,
      "optional": true
    },
    "@rollup/rollup-win32-arm64-msvc": {
      "version": "4.22.5",
      "resolved": "https://registry.npmmirror.com/@rollup/rollup-win32-arm64-msvc/-/rollup-win32-arm64-msvc-4.22.5.tgz",
      "integrity": "sha512-RXT8S1HP8AFN/Kr3tg4fuYrNxZ/pZf1HemC5Tsddc6HzgGnJm0+Lh5rAHJkDuW3StI0ynNXukidROMXYl6ew8w==",
      "dev": true,
      "optional": true
    },
    "@rollup/rollup-win32-ia32-msvc": {
      "version": "4.22.5",
      "resolved": "https://registry.npmmirror.com/@rollup/rollup-win32-ia32-msvc/-/rollup-win32-ia32-msvc-4.22.5.tgz",
      "integrity": "sha512-ElTYOh50InL8kzyUD6XsnPit7jYCKrphmddKAe1/Ytt74apOxDq5YEcbsiKs0fR3vff3jEneMM+3I7jbqaMyBg==",
      "dev": true,
      "optional": true
    },
    "@rollup/rollup-win32-x64-msvc": {
      "version": "4.22.5",
      "resolved": "https://registry.npmmirror.com/@rollup/rollup-win32-x64-msvc/-/rollup-win32-x64-msvc-4.22.5.tgz",
      "integrity": "sha512-+lvL/4mQxSV8MukpkKyyvfwhH266COcWlXE/1qxwN08ajovta3459zrjLghYMgDerlzNwLAcFpvU+WWE5y6nAQ==",
      "dev": true,
      "optional": true
    },
    "@types/css-font-loading-module": {
      "version": "0.0.12",
      "resolved": "https://registry.npmmirror.com/@types/css-font-loading-module/-/css-font-loading-module-0.0.12.tgz",
      "integrity": "sha512-x2tZZYkSxXqWvTDgveSynfjq/T2HyiZHXb00j/+gy19yp70PHCizM48XFdjBCWH7eHBD0R5i/pw9yMBP/BH5uA=="
    },
    "@types/earcut": {
      "version": "2.1.4",
      "resolved": "https://registry.npmmirror.com/@types/earcut/-/earcut-2.1.4.tgz",
      "integrity": "sha512-qp3m9PPz4gULB9MhjGID7wpo3gJ4bTGXm7ltNDsmOvsPduTeHp8wSW9YckBj3mljeOh4F0m2z/0JKAALRKbmLQ=="
    },
    "@types/estree": {
      "version": "1.0.6",
      "resolved": "https://registry.npmmirror.com/@types/estree/-/estree-1.0.6.tgz",
      "integrity": "sha512-AYnb1nQyY49te+VRAVgmzfcgjYS91mY5P0TKUDCLEM+gNnA+3T6rWITXRLYCpahpqSQbN5cE+gHpnPyXjHWxcw==",
      "dev": true
    },
    "@webgpu/types": {
      "version": "0.1.47",
      "resolved": "https://registry.npmmirror.com/@webgpu/types/-/types-0.1.47.tgz",
      "integrity": "sha512-vOUHDxj0azl7BSj4YAy6cc6q5s7F1KfF5GI1er/w6togN0MqzS/d8U+H0LH1XpLbFup+UaA7aMtia/aSx3DE0w=="
    },
    "@xmldom/xmldom": {
      "version": "0.8.10",
      "resolved": "https://registry.npmmirror.com/@xmldom/xmldom/-/xmldom-0.8.10.tgz",
      "integrity": "sha512-2WALfTl4xo2SkGCYRt6rDTFfk9R1czmBvUQy12gK2KuRKIpWEhcbbzy8EZXtz/jkRqHX8bFEc6FC1HjX4TUWYw=="
    },
    "earcut": {
      "version": "2.2.4",
      "resolved": "https://registry.npmmirror.com/earcut/-/earcut-2.2.4.tgz",
      "integrity": "sha512-/pjZsA1b4RPHbeWZQn66SWS8nZZWLQQ23oE3Eam7aroEFGEvwKAsJfZ9ytiEMycfzXWpca4FA9QIOehf7PocBQ=="
    },
    "esbuild": {
      "version": "0.21.5",
      "resolved": "https://registry.npmmirror.com/esbuild/-/esbuild-0.21.5.tgz",
      "integrity": "sha512-mg3OPMV4hXywwpoDxu3Qda5xCKQi+vCTZq8S9J/EpkhB2HzKXq4SNFZE3+NK93JYxc8VMSep+lOUSC/RVKaBqw==",
      "dev": true,
      "requires": {
        "@esbuild/aix-ppc64": "0.21.5",
        "@esbuild/android-arm": "0.21.5",
        "@esbuild/android-arm64": "0.21.5",
        "@esbuild/android-x64": "0.21.5",
        "@esbuild/darwin-arm64": "0.21.5",
        "@esbuild/darwin-x64": "0.21.5",
        "@esbuild/freebsd-arm64": "0.21.5",
        "@esbuild/freebsd-x64": "0.21.5",
        "@esbuild/linux-arm": "0.21.5",
        "@esbuild/linux-arm64": "0.21.5",
        "@esbuild/linux-ia32": "0.21.5",
        "@esbuild/linux-loong64": "0.21.5",
        "@esbuild/linux-mips64el": "0.21.5",
        "@esbuild/linux-ppc64": "0.21.5",
        "@esbuild/linux-riscv64": "0.21.5",
        "@esbuild/linux-s390x": "0.21.5",
        "@esbuild/linux-x64": "0.21.5",
        "@esbuild/netbsd-x64": "0.21.5",
        "@esbuild/openbsd-x64": "0.21.5",
        "@esbuild/sunos-x64": "0.21.5",
        "@esbuild/win32-arm64": "0.21.5",
        "@esbuild/win32-ia32": "0.21.5",
        "@esbuild/win32-x64": "0.21.5"
      }
    },
    "eventemitter3": {
      "version": "5.0.1",
      "resolved": "https://registry.npmmirror.com/eventemitter3/-/eventemitter3-5.0.1.tgz",
      "integrity": "sha512-GWkBvjiSZK87ELrYOSESUYeVIc9mvLLf/nXalMOS5dYrgZq9o5OVkbZAVM06CVxYsCwH9BDZFPlQTlPA1j4ahA=="
    },
    "fsevents": {
      "version": "2.3.3",
      "resolved": "https://registry.npmmirror.com/fsevents/-/fsevents-2.3.3.tgz",
      "integrity": "sha512-5xoDfX+fL7faATnagmWPpbFtwh/R77WmMMqqHGS65C3vvB0YHrgF+B1YmZ3441tMj5n63k0212XNoJwzlhffQw==",
      "dev": true,
      "optional": true
    },
    "ismobilejs": {
      "version": "1.1.1",
      "resolved": "https://registry.npmmirror.com/ismobilejs/-/ismobilejs-1.1.1.tgz",
      "integrity": "sha512-VaFW53yt8QO61k2WJui0dHf4SlL8lxBofUuUmwBo0ljPk0Drz2TiuDW4jo3wDcv41qy/SxrJ+VAzJ/qYqsmzRw=="
    },
    "nanoid": {
      "version": "3.3.7",
      "resolved": "https://registry.npmmirror.com/nanoid/-/nanoid-3.3.7.tgz",
      "integrity": "sha512-eSRppjcPIatRIMC1U6UngP8XFcz8MQWGQdt1MTBQ7NaAmvXDfvNxbvWV3x2y6CdEUciCSsDHDQZbhYaB8QEo2g==",
      "dev": true
    },
    "parse-svg-path": {
      "version": "0.1.2",
      "resolved": "https://registry.npmmirror.com/parse-svg-path/-/parse-svg-path-0.1.2.tgz",
      "integrity": "sha512-JyPSBnkTJ0AI8GGJLfMXvKq42cj5c006fnLz6fXy6zfoVjJizi8BNTpu8on8ziI1cKy9d9DGNuY17Ce7wuejpQ=="
    },
    "picocolors": {
      "version": "1.1.0",
      "resolved": "https://registry.npmmirror.com/picocolors/-/picocolors-1.1.0.tgz",
      "integrity": "sha512-TQ92mBOW0l3LeMeyLV6mzy/kWr8lkd/hp3mTg7wYK7zJhuBStmGMBG0BdeDZS/dZx1IukaX6Bk11zcln25o1Aw==",
      "dev": true
    },
    "pixi.js": {
      "version": "8.4.1",
      "resolved": "https://registry.npmmirror.com/pixi.js/-/pixi.js-8.4.1.tgz",
      "integrity": "sha512-3ZbEIkLYYi602UB5wuN7kPz3VsGHoJa6nxD8ustvMLRySxHAR9Z8tCAYY8ISgNplpPbaDw03B0yTD4/k9f6cAQ==",
      "requires": {
        "@pixi/colord": "^2.9.6",
        "@types/css-font-loading-module": "^0.0.12",
        "@types/earcut": "^2.1.4",
        "@webgpu/types": "^0.1.40",
        "@xmldom/xmldom": "^0.8.10",
        "earcut": "^2.2.4",
        "eventemitter3": "^5.0.1",
        "ismobilejs": "^1.1.1",
        "parse-svg-path": "^0.1.2"
      }
    },
    "postcss": {
      "version": "8.4.47",
      "resolved": "https://registry.npmmirror.com/postcss/-/postcss-8.4.47.tgz",
      "integrity": "sha512-56rxCq7G/XfB4EkXq9Egn5GCqugWvDFjafDOThIdMBsI15iqPqR5r15TfSr1YPYeEI19YeaXMCbY6u88Y76GLQ==",
      "dev": true,
      "requires": {
        "nanoid": "^3.3.7",
        "picocolors": "^1.1.0",
        "source-map-js": "^1.2.1"
      }
    },
    "rollup": {
      "version": "4.22.5",
      "resolved": "https://registry.npmmirror.com/rollup/-/rollup-4.22.5.tgz",
      "integrity": "sha512-WoinX7GeQOFMGznEcWA1WrTQCd/tpEbMkc3nuMs9BT0CPjMdSjPMTVClwWd4pgSQwJdP65SK9mTCNvItlr5o7w==",
      "dev": true,
      "requires": {
        "@rollup/rollup-android-arm-eabi": "4.22.5",
        "@rollup/rollup-android-arm64": "4.22.5",
        "@rollup/rollup-darwin-arm64": "4.22.5",
        "@rollup/rollup-darwin-x64": "4.22.5",
        "@rollup/rollup-linux-arm-gnueabihf": "4.22.5",
        "@rollup/rollup-linux-arm-musleabihf": "4.22.5",
        "@rollup/rollup-linux-arm64-gnu": "4.22.5",
        "@rollup/rollup-linux-arm64-musl": "4.22.5",
        "@rollup/rollup-linux-powerpc64le-gnu": "4.22.5",
        "@rollup/rollup-linux-riscv64-gnu": "4.22.5",
        "@rollup/rollup-linux-s390x-gnu": "4.22.5",
        "@rollup/rollup-linux-x64-gnu": "4.22.5",
        "@rollup/rollup-linux-x64-musl": "4.22.5",
        "@rollup/rollup-win32-arm64-msvc": "4.22.5",
        "@rollup/rollup-win32-ia32-msvc": "4.22.5",
        "@rollup/rollup-win32-x64-msvc": "4.22.5",
        "@types/estree": "1.0.6",
        "fsevents": "~2.3.2"
      }
    },
    "source-map-js": {
      "version": "1.2.1",
      "resolved": "https://registry.npmmirror.com/source-map-js/-/source-map-js-1.2.1.tgz",
      "integrity": "sha512-UXWMKhLOwVKb728IUtQPXxfYU+usdybtUrK/8uGE8CQMvrhOpwvzDBwj0QhSL7MQc7vIsISBG8VQ8+IDQxpfQA==",
      "dev": true
    },
    "typescript": {
      "version": "5.6.2",
      "resolved": "https://registry.npmmirror.com/typescript/-/typescript-5.6.2.tgz",
      "integrity": "sha512-NW8ByodCSNCwZeghjN3o+JX5OFH0Ojg6sadjEKY4huZ52TqbJTJnDo5+Tw98lSy63NZvi4n+ez5m2u5d4PkZyw==",
      "dev": true
    },
    "vite": {
      "version": "5.4.8",
      "resolved": "https://registry.npmmirror.com/vite/-/vite-5.4.8.tgz",
      "integrity": "sha512-FqrItQ4DT1NC4zCUqMB4c4AZORMKIa0m8/URVCZ77OZ/QSNeJ54bU1vrFADbDsuwfIPcgknRkmqakQcgnL4GiQ==",
      "dev": true,
      "requires": {
        "esbuild": "^0.21.3",
        "fsevents": "~2.3.3",
        "postcss": "^8.4.43",
        "rollup": "^4.20.0"
      }
    }
  }
}
